{
  "name": "@keltroth/kanban",
  "version": "1.0.2",
  "lockfileVersion": 3,
  "requires": true,
  "packages": {
    "": {
      "name": "@keltroth/kanban",
      "version": "1.0.2",
      "license": "MIT",
      "dependencies": {
        "@keltroth/emitter": "^1.0.7"
      }
    },
    "node_modules/@keltroth/emitter": {
      "version": "1.0.7",
      "resolved": "https://registry.npmjs.org/@keltroth/emitter/-/emitter-1.0.7.tgz",
      "integrity": "sha512-SmcA0pd30cksso3VKcFpex/0ejMzC3EcL5g9lKsnyjyM9fw6L3xsNREC336W6JnlTNyn6yr2NnqbKg+mFmq4BQ=="
    }
  }
}
